
Microsoft Visual Studio Solution File, Format Version 12.00
# Visual Studio 14
VisualStudioVersion = 14.0.24720.0
MinimumVisualStudioVersion = 10.0.40219.1
Project("{FAE04EC0-301F-11D3-BF4B-00C04F79EFBC}") = "connectingsql", "connectingsql\connectingsql.csproj", "{BDF91C14-C456-4F8D-835E-C41D587C45C6}"
EndProject
Global
	GlobalSection(SolutionConfigurationPlatforms) = preSolution
		Debug|Any CPU = Debug|Any CPU
		Release|Any CPU = Release|Any CPU
	EndGlobalSection
	GlobalSection(ProjectConfigurationPlatforms) = postSolution
		{BDF91C14-C456-4F8D-835E-C41D587C45C6}.Debug|Any CPU.ActiveCfg = Debug|Any CPU
		{BDF91C14-C456-4F8D-835E-C41D587C45C6}.Debug|Any CPU.Build.0 = Debug|Any CPU
		{BDF91C14-C456-4F8D-835E-C41D587C45C6}.Release|Any CPU.ActiveCfg = Release|Any CPU
		{BDF91C14-C456-4F8D-835E-C41D587C45C6}.Release|Any CPU.Build.0 = Release|Any CPU
	EndGlobalSection
	GlobalSection(SolutionProperties) = preSolution
		HideSolutionNode = FALSE
	EndGlobalSection
EndGlobal
