
Microsoft Visual Studio Solution File, Format Version 11.00
# Visual C# Express 2010
Project("{FAE04EC0-301F-11D3-BF4B-00C04F79EFBC}") = "tomaszMatusiak", "LeszekStasiak_lab4_zad0\tomaszMatusiak.csproj", "{E133F482-FA77-42C2-8187-1F4723916A86}"
EndProject
Global
	GlobalSection(SolutionConfigurationPlatforms) = preSolution
		Debug|x86 = Debug|x86
		Release|x86 = Release|x86
	EndGlobalSection
	GlobalSection(ProjectConfigurationPlatforms) = postSolution
		{E133F482-FA77-42C2-8187-1F4723916A86}.Debug|x86.ActiveCfg = Debug|x86
		{E133F482-FA77-42C2-8187-1F4723916A86}.Debug|x86.Build.0 = Debug|x86
		{E133F482-FA77-42C2-8187-1F4723916A86}.Release|x86.ActiveCfg = Release|x86
		{E133F482-FA77-42C2-8187-1F4723916A86}.Release|x86.Build.0 = Release|x86
	EndGlobalSection
	GlobalSection(SolutionProperties) = preSolution
		HideSolutionNode = FALSE
	EndGlobalSection
EndGlobal
